dependencies:
- name: kata-deploy
  repository: oci://ghcr.io/kata-containers/kata-deploy-charts
  version: 3.29.0
- name: peerpodctrl
  repository: file://../../../../peerpod-ctrl/chart
  version: 0.1.0
- name: peerpods-webhook
  repository: file://../../../../webhook/chart
  version: 0.1.0
digest: sha256:e328c71c67995b3c06912a2aa76c8d794115fb825bae47797acd58daa37fe6ff
generated: "2026-04-27T09:13:27.677889+01:00"
